// !$*UTF8*$!
{
	archiveVersion = 1;
	classes = {
	};
	objectVersion = 50;
	objects = {

/* Begin PBXBuildFile section */
		7D73EB6823B9339A004D0F6C /* Camera.storyboard in Resources */ = {isa = PBXBuildFile; fileRef = 7D73EB6723B9339A004D0F6C /* Camera.storyboard */; };
		7D73EB6B23B98702004D0F6C /* Loading.storyboard in Resources */ = {isa = PBXBuildFile; fileRef = 7D73EB6A23B98702004D0F6C /* Loading.storyboard */; };
		7D73EB7E23B99030004D0F6C /* UIViewController+Alert.swift in Sources */ = {isa = PBXBuildFile; fileRef = 7D73EB7923B99030004D0F6C /* UIViewController+Alert.swift */; };
		7D73EB7F23B99030004D0F6C /* UIViewController+Extension.swift in Sources */ = {isa = PBXBuildFile; fileRef = 7D73EB7A23B99030004D0F6C /* UIViewController+Extension.swift */; };
		7D73EB8023B99030004D0F6C /* UIStoryboard+Extension.swift in Sources */ = {isa = PBXBuildFile; fileRef = 7D73EB7B23B99030004D0F6C /* UIStoryboard+Extension.swift */; };
		7D73EB8123B99030004D0F6C /* UIView+Extension.swift in Sources */ = {isa = PBXBuildFile; fileRef = 7D73EB7C23B99030004D0F6C /* UIView+Extension.swift */; };
		7D73EB8223B99030004D0F6C /* Identifiable+Extension.swift in Sources */ = {isa = PBXBuildFile; fileRef = 7D73EB7D23B99030004D0F6C /* Identifiable+Extension.swift */; };
		7D73EB8F23B99726004D0F6C /* OnboardingViewController.swift in Sources */ = {isa = PBXBuildFile; fileRef = 7D73EB8C23B99726004D0F6C /* OnboardingViewController.swift */; };
		7D73EB9023B99726004D0F6C /* CarouselViewController.swift in Sources */ = {isa = PBXBuildFile; fileRef = 7D73EB8D23B99726004D0F6C /* CarouselViewController.swift */; };
		7D73EB9123B99726004D0F6C /* Onboarding.storyboard in Resources */ = {isa = PBXBuildFile; fileRef = 7D73EB8E23B99726004D0F6C /* Onboarding.storyboard */; };
		CB5CFEF6236DC9620045AC90 /* PMKCoreLocation.framework in Frameworks */ = {isa = PBXBuildFile; fileRef = CB5CFEF5236DC9620045AC90 /* PMKCoreLocation.framework */; };
		CB5CFEF7236DC9620045AC90 /* PMKCoreLocation.framework in Embed Frameworks */ = {isa = PBXBuildFile; fileRef = CB5CFEF5236DC9620045AC90 /* PMKCoreLocation.framework */; settings = {ATTRIBUTES = (CodeSignOnCopy, RemoveHeadersOnCopy, ); }; };
		CB5CFEFA236DC9650045AC90 /* PMKFoundation.framework in Frameworks */ = {isa = PBXBuildFile; fileRef = CB5CFEF9236DC9650045AC90 /* PMKFoundation.framework */; };
		CB5CFEFB236DC9650045AC90 /* PMKFoundation.framework in Embed Frameworks */ = {isa = PBXBuildFile; fileRef = CB5CFEF9236DC9650045AC90 /* PMKFoundation.framework */; settings = {ATTRIBUTES = (CodeSignOnCopy, RemoveHeadersOnCopy, ); }; };
		CB5CFEFD236DC9680045AC90 /* PromiseKit.framework in Frameworks */ = {isa = PBXBuildFile; fileRef = CB5CFEFC236DC9680045AC90 /* PromiseKit.framework */; };
		CB5CFEFE236DC9680045AC90 /* PromiseKit.framework in Embed Frameworks */ = {isa = PBXBuildFile; fileRef = CB5CFEFC236DC9680045AC90 /* PromiseKit.framework */; settings = {ATTRIBUTES = (CodeSignOnCopy, RemoveHeadersOnCopy, ); }; };
		CB5CFF01236DD4540045AC90 /* DeferredPromise.swift in Sources */ = {isa = PBXBuildFile; fileRef = CB5CFF00236DD4540045AC90 /* DeferredPromise.swift */; };
		CBB133C12378ACAD007A2AEF /* LoadingViewController.swift in Sources */ = {isa = PBXBuildFile; fileRef = CBB133C02378ACAD007A2AEF /* LoadingViewController.swift */; };
		CBFDF542236DB7F500D417A1 /* AppDelegate.swift in Sources */ = {isa = PBXBuildFile; fileRef = CBFDF541236DB7F500D417A1 /* AppDelegate.swift */; };
		CBFDF544236DB7F500D417A1 /* SceneDelegate.swift in Sources */ = {isa = PBXBuildFile; fileRef = CBFDF543236DB7F500D417A1 /* SceneDelegate.swift */; };
		CBFDF546236DB7F500D417A1 /* CameraViewController.swift in Sources */ = {isa = PBXBuildFile; fileRef = CBFDF545236DB7F500D417A1 /* CameraViewController.swift */; };
		CBFDF54B236DB7F800D417A1 /* Assets.xcassets in Resources */ = {isa = PBXBuildFile; fileRef = CBFDF54A236DB7F800D417A1 /* Assets.xcassets */; };
		CBFDF54E236DB7F800D417A1 /* LaunchScreen.storyboard in Resources */ = {isa = PBXBuildFile; fileRef = CBFDF54C236DB7F800D417A1 /* LaunchScreen.storyboard */; };
		CBFDF556236DBA2A00D417A1 /* CameraManager.swift in Sources */ = {isa = PBXBuildFile; fileRef = CBFDF555236DBA2A00D417A1 /* CameraManager.swift */; };
/* End PBXBuildFile section */

/* Begin PBXCopyFilesBuildPhase section */
		CB5CFEF8236DC9620045AC90 /* Embed Frameworks */ = {
			isa = PBXCopyFilesBuildPhase;
			buildActionMask = 2147483647;
			dstPath = "";
			dstSubfolderSpec = 10;
			files = (
				CB5CFEFE236DC9680045AC90 /* PromiseKit.framework in Embed Frameworks */,
				CB5CFEFB236DC9650045AC90 /* PMKFoundation.framework in Embed Frameworks */,
				CB5CFEF7236DC9620045AC90 /* PMKCoreLocation.framework in Embed Frameworks */,
			);
			name = "Embed Frameworks";
			runOnlyForDeploymentPostprocessing = 0;
		};
/* End PBXCopyFilesBuildPhase section */

/* Begin PBXFileReference section */
		7D73EB6723B9339A004D0F6C /* Camera.storyboard */ = {isa = PBXFileReference; lastKnownFileType = file.storyboard; path = Camera.storyboard; sourceTree = "<group>"; };
		7D73EB6A23B98702004D0F6C /* Loading.storyboard */ = {isa = PBXFileReference; lastKnownFileType = file.storyboard; path = Loading.storyboard; sourceTree = "<group>"; };
		7D73EB7923B99030004D0F6C /* UIViewController+Alert.swift */ = {isa = PBXFileReference; fileEncoding = 4; lastKnownFileType = sourcecode.swift; name = "UIViewController+Alert.swift"; path = "Extensions/UIViewController+Alert.swift"; sourceTree = "<group>"; };
		7D73EB7A23B99030004D0F6C /* UIViewController+Extension.swift */ = {isa = PBXFileReference; fileEncoding = 4; lastKnownFileType = sourcecode.swift; name = "UIViewController+Extension.swift"; path = "Extensions/UIViewController+Extension.swift"; sourceTree = "<group>"; };
		7D73EB7B23B99030004D0F6C /* UIStoryboard+Extension.swift */ = {isa = PBXFileReference; fileEncoding = 4; lastKnownFileType = sourcecode.swift; name = "UIStoryboard+Extension.swift"; path = "Extensions/UIStoryboard+Extension.swift"; sourceTree = "<group>"; };
		7D73EB7C23B99030004D0F6C /* UIView+Extension.swift */ = {isa = PBXFileReference; fileEncoding = 4; lastKnownFileType = sourcecode.swift; name = "UIView+Extension.swift"; path = "Extensions/UIView+Extension.swift"; sourceTree = "<group>"; };
		7D73EB7D23B99030004D0F6C /* Identifiable+Extension.swift */ = {isa = PBXFileReference; fileEncoding = 4; lastKnownFileType = sourcecode.swift; name = "Identifiable+Extension.swift"; path = "Extensions/Identifiable+Extension.swift"; sourceTree = "<group>"; };
		7D73EB8C23B99726004D0F6C /* OnboardingViewController.swift */ = {isa = PBXFileReference; fileEncoding = 4; lastKnownFileType = sourcecode.swift; path = OnboardingViewController.swift; sourceTree = "<group>"; };
		7D73EB8D23B99726004D0F6C /* CarouselViewController.swift */ = {isa = PBXFileReference; fileEncoding = 4; lastKnownFileType = sourcecode.swift; path = CarouselViewController.swift; sourceTree = "<group>"; };
		7D73EB8E23B99726004D0F6C /* Onboarding.storyboard */ = {isa = PBXFileReference; fileEncoding = 4; lastKnownFileType = file.storyboard; path = Onboarding.storyboard; sourceTree = "<group>"; };
		CB5CFEF5236DC9620045AC90 /* PMKCoreLocation.framework */ = {isa = PBXFileReference; lastKnownFileType = wrapper.framework; name = PMKCoreLocation.framework; path = Carthage/Build/iOS/PMKCoreLocation.framework; sourceTree = "<group>"; };
		CB5CFEF9236DC9650045AC90 /* PMKFoundation.framework */ = {isa = PBXFileReference; lastKnownFileType = wrapper.framework; name = PMKFoundation.framework; path = Carthage/Build/iOS/PMKFoundation.framework; sourceTree = "<group>"; };
		CB5CFEFC236DC9680045AC90 /* PromiseKit.framework */ = {isa = PBXFileReference; lastKnownFileType = wrapper.framework; name = PromiseKit.framework; path = Carthage/Build/iOS/PromiseKit.framework; sourceTree = "<group>"; };
		CB5CFF00236DD4540045AC90 /* DeferredPromise.swift */ = {isa = PBXFileReference; fileEncoding = 4; lastKnownFileType = sourcecode.swift; path = DeferredPromise.swift; sourceTree = "<group>"; };
		CBB133C02378ACAD007A2AEF /* LoadingViewController.swift */ = {isa = PBXFileReference; lastKnownFileType = sourcecode.swift; path = LoadingViewController.swift; sourceTree = "<group>"; };
		CBFDF53E236DB7F500D417A1 /* Magnify.app */ = {isa = PBXFileReference; explicitFileType = wrapper.application; includeInIndex = 0; path = Magnify.app; sourceTree = BUILT_PRODUCTS_DIR; };
		CBFDF541236DB7F500D417A1 /* AppDelegate.swift */ = {isa = PBXFileReference; lastKnownFileType = sourcecode.swift; path = AppDelegate.swift; sourceTree = "<group>"; };
		CBFDF543236DB7F500D417A1 /* SceneDelegate.swift */ = {isa = PBXFileReference; lastKnownFileType = sourcecode.swift; path = SceneDelegate.swift; sourceTree = "<group>"; };
		CBFDF545236DB7F500D417A1 /* CameraViewController.swift */ = {isa = PBXFileReference; lastKnownFileType = sourcecode.swift; path = CameraViewController.swift; sourceTree = "<group>"; };
		CBFDF54A236DB7F800D417A1 /* Assets.xcassets */ = {isa = PBXFileReference; lastKnownFileType = folder.assetcatalog; path = Assets.xcassets; sourceTree = "<group>"; };
		CBFDF54D236DB7F800D417A1 /* Base */ = {isa = PBXFileReference; lastKnownFileType = file.storyboard; name = Base; path = Base.lproj/LaunchScreen.storyboard; sourceTree = "<group>"; };
		CBFDF555236DBA2A00D417A1 /* CameraManager.swift */ = {isa = PBXFileReference; fileEncoding = 4; lastKnownFileType = sourcecode.swift; path = CameraManager.swift; sourceTree = "<group>"; };
/* End PBXFileReference section */

/* Begin PBXFrameworksBuildPhase section */
		CBFDF53B236DB7F500D417A1 /* Frameworks */ = {
			isa = PBXFrameworksBuildPhase;
			buildActionMask = 2147483647;
			files = (
				CB5CFEFD236DC9680045AC90 /* PromiseKit.framework in Frameworks */,
				CB5CFEFA236DC9650045AC90 /* PMKFoundation.framework in Frameworks */,
				CB5CFEF6236DC9620045AC90 /* PMKCoreLocation.framework in Frameworks */,
			);
			runOnlyForDeploymentPostprocessing = 0;
		};
/* End PBXFrameworksBuildPhase section */

/* Begin PBXGroup section */
		7D73EB6623B932EE004D0F6C /* Camera */ = {
			isa = PBXGroup;
			children = (
				7D73EB6723B9339A004D0F6C /* Camera.storyboard */,
				CBFDF545236DB7F500D417A1 /* CameraViewController.swift */,
				CBFDF555236DBA2A00D417A1 /* CameraManager.swift */,
			);
			path = Camera;
			sourceTree = "<group>";
		};
		7D73EB6923B98386004D0F6C /* Loading */ = {
			isa = PBXGroup;
			children = (
				CBFDF54C236DB7F800D417A1 /* LaunchScreen.storyboard */,
				7D73EB6A23B98702004D0F6C /* Loading.storyboard */,
				CBB133C02378ACAD007A2AEF /* LoadingViewController.swift */,
			);
			path = Loading;
			sourceTree = "<group>";
		};
		7D73EB6F23B98B35004D0F6C /* Supporting Files */ = {
			isa = PBXGroup;
			children = (
				CBFDF54A236DB7F800D417A1 /* Assets.xcassets */,
				CBFDF541236DB7F500D417A1 /* AppDelegate.swift */,
				CB5CFF00236DD4540045AC90 /* DeferredPromise.swift */,
				CBFDF543236DB7F500D417A1 /* SceneDelegate.swift */,
			);
			name = "Supporting Files";
			sourceTree = "<group>";
		};
		7D73EB7823B98FFF004D0F6C /* Extensions */ = {
			isa = PBXGroup;
			children = (
				7D73EB7D23B99030004D0F6C /* Identifiable+Extension.swift */,
				7D73EB7B23B99030004D0F6C /* UIStoryboard+Extension.swift */,
				7D73EB7C23B99030004D0F6C /* UIView+Extension.swift */,
				7D73EB7923B99030004D0F6C /* UIViewController+Alert.swift */,
				7D73EB7A23B99030004D0F6C /* UIViewController+Extension.swift */,
			);
			name = Extensions;
			sourceTree = "<group>";
		};
		7D73EB8B23B996F5004D0F6C /* Onboarding */ = {
			isa = PBXGroup;
			children = (
				7D73EB8E23B99726004D0F6C /* Onboarding.storyboard */,
				7D73EB8C23B99726004D0F6C /* OnboardingViewController.swift */,
				7D73EB8D23B99726004D0F6C /* CarouselViewController.swift */,
			);
			path = Onboarding;
			sourceTree = "<group>";
		};
		CB5CFEF4236DC9610045AC90 /* Frameworks */ = {
			isa = PBXGroup;
			children = (
				CB5CFEFC236DC9680045AC90 /* PromiseKit.framework */,
				CB5CFEF9236DC9650045AC90 /* PMKFoundation.framework */,
				CB5CFEF5236DC9620045AC90 /* PMKCoreLocation.framework */,
			);
			name = Frameworks;
			sourceTree = "<group>";
		};
		CBFDF535236DB7F500D417A1 = {
			isa = PBXGroup;
			children = (
				CBFDF540236DB7F500D417A1 /* Magnify */,
				CBFDF53F236DB7F500D417A1 /* Products */,
				CB5CFEF4236DC9610045AC90 /* Frameworks */,
			);
			sourceTree = "<group>";
		};
		CBFDF53F236DB7F500D417A1 /* Products */ = {
			isa = PBXGroup;
			children = (
				CBFDF53E236DB7F500D417A1 /* Magnify.app */,
			);
			name = Products;
			sourceTree = "<group>";
		};
		CBFDF540236DB7F500D417A1 /* Magnify */ = {
			isa = PBXGroup;
			children = (
				7D73EB7823B98FFF004D0F6C /* Extensions */,
				7D73EB6F23B98B35004D0F6C /* Supporting Files */,
				7D73EB6923B98386004D0F6C /* Loading */,
				7D73EB8B23B996F5004D0F6C /* Onboarding */,
				7D73EB6623B932EE004D0F6C /* Camera */,
			);
			path = Magnify;
			sourceTree = "<group>";
		};
/* End PBXGroup section */

/* Begin PBXNativeTarget section */
		CBFDF53D236DB7F500D417A1 /* Magnify */ = {
			isa = PBXNativeTarget;
			buildConfigurationList = CBFDF552236DB7F800D417A1 /* Build configuration list for PBXNativeTarget "Magnify" */;
			buildPhases = (
				CBFDF53A236DB7F500D417A1 /* Sources */,
				CBFDF53B236DB7F500D417A1 /* Frameworks */,
				CBFDF53C236DB7F500D417A1 /* Resources */,
				CB5CFEF8236DC9620045AC90 /* Embed Frameworks */,
				CB5CFEFF236DC9AB0045AC90 /* Carthage */,
			);
			buildRules = (
			);
			dependencies = (
			);
			name = Magnify;
			productName = Magnify;
			productReference = CBFDF53E236DB7F500D417A1 /* Magnify.app */;
			productType = "com.apple.product-type.application";
		};
/* End PBXNativeTarget section */

/* Begin PBXProject section */
		CBFDF536236DB7F500D417A1 /* Project object */ = {
			isa = PBXProject;
			attributes = {
				LastSwiftUpdateCheck = 1110;
				LastUpgradeCheck = 1110;
				ORGANIZATIONNAME = "TKO Solutions";
				TargetAttributes = {
					CBFDF53D236DB7F500D417A1 = {
						CreatedOnToolsVersion = 11.1;
					};
				};
			};
			buildConfigurationList = CBFDF539236DB7F500D417A1 /* Build configuration list for PBXProject "Magnify" */;
			compatibilityVersion = "Xcode 9.3";
			developmentRegion = en;
			hasScannedForEncodings = 0;
			knownRegions = (
				en,
				Base,
			);
			mainGroup = CBFDF535236DB7F500D417A1;
			productRefGroup = CBFDF53F236DB7F500D417A1 /* Products */;
			projectDirPath = "";
			projectRoot = "";
			targets = (
				CBFDF53D236DB7F500D417A1 /* Magnify */,
			);
		};
/* End PBXProject section */

/* Begin PBXResourcesBuildPhase section */
		CBFDF53C236DB7F500D417A1 /* Resources */ = {
			isa = PBXResourcesBuildPhase;
			buildActionMask = 2147483647;
			files = (
				CBFDF54E236DB7F800D417A1 /* LaunchScreen.storyboard in Resources */,
				7D73EB9123B99726004D0F6C /* Onboarding.storyboard in Resources */,
				7D73EB6823B9339A004D0F6C /* Camera.storyboard in Resources */,
				CBFDF54B236DB7F800D417A1 /* Assets.xcassets in Resources */,
				7D73EB6B23B98702004D0F6C /* Loading.storyboard in Resources */,
			);
			runOnlyForDeploymentPostprocessing = 0;
		};
/* End PBXResourcesBuildPhase section */

/* Begin PBXShellScriptBuildPhase section */
		CB5CFEFF236DC9AB0045AC90 /* Carthage */ = {
			isa = PBXShellScriptBuildPhase;
			buildActionMask = 2147483647;
			files = (
			);
			inputFileListPaths = (
			);
			inputPaths = (
				"$(SRCROOT)/Carthage/Build/iOS/PromiseKit.framework",
				"$(SRCROOT)/Carthage/Build/iOS/PMKCoreLocation.framework",
				"$(SRCROOT)/Carthage/Build/iOS/PMKFoundation.framework",
			);
			name = Carthage;
			outputFileListPaths = (
			);
			outputPaths = (
			);
			runOnlyForDeploymentPostprocessing = 0;
			shellPath = /bin/sh;
			shellScript = "/usr/local/bin/carthage copy-frameworks\n";
		};
/* End PBXShellScriptBuildPhase section */

/* Begin PBXSourcesBuildPhase section */
		CBFDF53A236DB7F500D417A1 /* Sources */ = {
			isa = PBXSourcesBuildPhase;
			buildActionMask = 2147483647;
			files = (
				7D73EB7F23B99030004D0F6C /* UIViewController+Extension.swift in Sources */,
				CBFDF546236DB7F500D417A1 /* CameraViewController.swift in Sources */,
				7D73EB9023B99726004D0F6C /* CarouselViewController.swift in Sources */,
				CBFDF542236DB7F500D417A1 /* AppDelegate.swift in Sources */,
				CBB133C12378ACAD007A2AEF /* LoadingViewController.swift in Sources */,
				CBFDF556236DBA2A00D417A1 /* CameraManager.swift in Sources */,
				CB5CFF01236DD4540045AC90 /* DeferredPromise.swift in Sources */,
				CBFDF544236DB7F500D417A1 /* SceneDelegate.swift in Sources */,
				7D73EB8F23B99726004D0F6C /* OnboardingViewController.swift in Sources */,
				7D73EB7E23B99030004D0F6C /* UIViewController+Alert.swift in Sources */,
				7D73EB8123B99030004D0F6C /* UIView+Extension.swift in Sources */,
				7D73EB8023B99030004D0F6C /* UIStoryboard+Extension.swift in Sources */,
				7D73EB8223B99030004D0F6C /* Identifiable+Extension.swift in Sources */,
			);
			runOnlyForDeploymentPostprocessing = 0;
		};
/* End PBXSourcesBuildPhase section */

/* Begin PBXVariantGroup section */
		CBFDF54C236DB7F800D417A1 /* LaunchScreen.storyboard */ = {
			isa = PBXVariantGroup;
			children = (
				CBFDF54D236DB7F800D417A1 /* Base */,
			);
			name = LaunchScreen.storyboard;
			sourceTree = "<group>";
		};
/* End PBXVariantGroup section */

/* Begin XCBuildConfiguration section */
		CBFDF550236DB7F800D417A1 /* Debug */ = {
			isa = XCBuildConfiguration;
			buildSettings = {
				ALWAYS_SEARCH_USER_PATHS = NO;
				CLANG_ANALYZER_NONNULL = YES;
				CLANG_ANALYZER_NUMBER_OBJECT_CONVERSION = YES_AGGRESSIVE;
				CLANG_CXX_LANGUAGE_STANDARD = "gnu++14";
				CLANG_CXX_LIBRARY = "libc++";
				CLANG_ENABLE_MODULES = YES;
				CLANG_ENABLE_OBJC_ARC = YES;
				CLANG_ENABLE_OBJC_WEAK = YES;
				CLANG_WARN_BLOCK_CAPTURE_AUTORELEASING = YES;
				CLANG_WARN_BOOL_CONVERSION = YES;
				CLANG_WARN_COMMA = YES;
				CLANG_WARN_CONSTANT_CONVERSION = YES;
				CLANG_WARN_DEPRECATED_OBJC_IMPLEMENTATIONS = YES;
				CLANG_WARN_DIRECT_OBJC_ISA_USAGE = YES_ERROR;
				CLANG_WARN_DOCUMENTATION_COMMENTS = YES;
				CLANG_WARN_EMPTY_BODY = YES;
				CLANG_WARN_ENUM_CONVERSION = YES;
				CLANG_WARN_INFINITE_RECURSION = YES;
				CLANG_WARN_INT_CONVERSION = YES;
				CLANG_WARN_NON_LITERAL_NULL_CONVERSION = YES;
				CLANG_WARN_OBJC_IMPLICIT_RETAIN_SELF = YES;
				CLANG_WARN_OBJC_LITERAL_CONVERSION = YES;
				CLANG_WARN_OBJC_ROOT_CLASS = YES_ERROR;
				CLANG_WARN_RANGE_LOOP_ANALYSIS = YES;
				CLANG_WARN_STRICT_PROTOTYPES = YES;
				CLANG_WARN_SUSPICIOUS_MOVE = YES;
				CLANG_WARN_UNGUARDED_AVAILABILITY = YES_AGGRESSIVE;
				CLANG_WARN_UNREACHABLE_CODE = YES;
				CLANG_WARN__DUPLICATE_METHOD_MATCH = YES;
				COPY_PHASE_STRIP = NO;
				DEBUG_INFORMATION_FORMAT = dwarf;
				ENABLE_STRICT_OBJC_MSGSEND = YES;
				ENABLE_TESTABILITY = YES;
				GCC_C_LANGUAGE_STANDARD = gnu11;
				GCC_DYNAMIC_NO_PIC = NO;
				GCC_NO_COMMON_BLOCKS = YES;
				GCC_OPTIMIZATION_LEVEL = 0;
				GCC_PREPROCESSOR_DEFINITIONS = (
					"DEBUG=1",
					"$(inherited)",
				);
				GCC_WARN_64_TO_32_BIT_CONVERSION = YES;
				GCC_WARN_ABOUT_RETURN_TYPE = YES_ERROR;
				GCC_WARN_UNDECLARED_SELECTOR = YES;
				GCC_WARN_UNINITIALIZED_AUTOS = YES_AGGRESSIVE;
				GCC_WARN_UNUSED_FUNCTION = YES;
				GCC_WARN_UNUSED_VARIABLE = YES;
				IPHONEOS_DEPLOYMENT_TARGET = 13.1;
				MTL_ENABLE_DEBUG_INFO = INCLUDE_SOURCE;
				MTL_FAST_MATH = YES;
				ONLY_ACTIVE_ARCH = YES;
				SDKROOT = iphoneos;
				SWIFT_ACTIVE_COMPILATION_CONDITIONS = DEBUG;
				SWIFT_OPTIMIZATION_LEVEL = "-Onone";
			};
			name = Debug;
		};
		CBFDF551236DB7F800D417A1 /* Release */ = {
			isa = XCBuildConfiguration;
			buildSettings = {
				ALWAYS_SEARCH_USER_PATHS = NO;
				CLANG_ANALYZER_NONNULL = YES;
				CLANG_ANALYZER_NUMBER_OBJECT_CONVERSION = YES_AGGRESSIVE;
				CLANG_CXX_LANGUAGE_STANDARD = "gnu++14";
				CLANG_CXX_LIBRARY = "libc++";
				CLANG_ENABLE_MODULES = YES;
				CLANG_ENABLE_OBJC_ARC = YES;
				CLANG_ENABLE_OBJC_WEAK = YES;
				CLANG_WARN_BLOCK_CAPTURE_AUTORELEASING = YES;
				CLANG_WARN_BOOL_CONVERSION = YES;
				CLANG_WARN_COMMA = YES;
				CLANG_WARN_CONSTANT_CONVERSION = YES;
				CLANG_WARN_DEPRECATED_OBJC_IMPLEMENTATIONS = YES;
				CLANG_WARN_DIRECT_OBJC_ISA_USAGE = YES_ERROR;
				CLANG_WARN_DOCUMENTATION_COMMENTS = YES;
				CLANG_WARN_EMPTY_BODY = YES;
				CLANG_WARN_ENUM_CONVERSION = YES;
				CLANG_WARN_INFINITE_RECURSION = YES;
				CLANG_WARN_INT_CONVERSION = YES;
				CLANG_WARN_NON_LITERAL_NULL_CONVERSION = YES;
				CLANG_WARN_OBJC_IMPLICIT_RETAIN_SELF = YES;
				CLANG_WARN_OBJC_LITERAL_CONVERSION = YES;
				CLANG_WARN_OBJC_ROOT_CLASS = YES_ERROR;
				CLANG_WARN_RANGE_LOOP_ANALYSIS = YES;
				CLANG_WARN_STRICT_PROTOTYPES = YES;
				CLANG_WARN_SUSPICIOUS_MOVE = YES;
				CLANG_WARN_UNGUARDED_AVAILABILITY = YES_AGGRESSIVE;
				CLANG_WARN_UNREACHABLE_CODE = YES;
				CLANG_WARN__DUPLICATE_METHOD_MATCH = YES;
				COPY_PHASE_STRIP = NO;
				DEBUG_INFORMATION_FORMAT = "dwarf-with-dsym";
				ENABLE_NS_ASSERTIONS = NO;
				ENABLE_STRICT_OBJC_MSGSEND = YES;
				GCC_C_LANGUAGE_STANDARD = gnu11;
				GCC_NO_COMMON_BLOCKS = YES;
				GCC_WARN_64_TO_32_BIT_CONVERSION = YES;
				GCC_WARN_ABOUT_RETURN_TYPE = YES_ERROR;
				GCC_WARN_UNDECLARED_SELECTOR = YES;
				GCC_WARN_UNINITIALIZED_AUTOS = YES_AGGRESSIVE;
				GCC_WARN_UNUSED_FUNCTION = YES;
				GCC_WARN_UNUSED_VARIABLE = YES;
				IPHONEOS_DEPLOYMENT_TARGET = 13.1;
				MTL_ENABLE_DEBUG_INFO = NO;
				MTL_FAST_MATH = YES;
				SDKROOT = iphoneos;
				SWIFT_COMPILATION_MODE = wholemodule;
				SWIFT_OPTIMIZATION_LEVEL = "-O";
				VALIDATE_PRODUCT = YES;
			};
			name = Release;
		};
		CBFDF553236DB7F800D417A1 /* Debug */ = {
			isa = XCBuildConfiguration;
			buildSettings = {
				ASSETCATALOG_COMPILER_APPICON_NAME = AppIcon;
				CODE_SIGN_STYLE = Automatic;
				DEVELOPMENT_TEAM = H4UQYGEL4C;
				FRAMEWORK_SEARCH_PATHS = (
					"$(inherited)",
					"$(PROJECT_DIR)/Carthage/Build/iOS",
				);
				INFOPLIST_FILE = "Magnify/Supporting Files/Info.plist";
				LD_RUNPATH_SEARCH_PATHS = (
					"$(inherited)",
					"@executable_path/Frameworks",
				);
				PRODUCT_BUNDLE_IDENTIFIER = "com.tko-solutions.Magnify";
				PRODUCT_NAME = "$(TARGET_NAME)";
				SWIFT_VERSION = 5.0;
				TARGETED_DEVICE_FAMILY = "1,2";
			};
			name = Debug;
		};
		CBFDF554236DB7F800D417A1 /* Release */ = {
			isa = XCBuildConfiguration;
			buildSettings = {
				ASSETCATALOG_COMPILER_APPICON_NAME = AppIcon;
				CODE_SIGN_STYLE = Automatic;
				DEVELOPMENT_TEAM = H4UQYGEL4C;
				FRAMEWORK_SEARCH_PATHS = (
					"$(inherited)",
					"$(PROJECT_DIR)/Carthage/Build/iOS",
				);
				INFOPLIST_FILE = "Magnify/Supporting Files/Info.plist";
				LD_RUNPATH_SEARCH_PATHS = (
					"$(inherited)",
					"@executable_path/Frameworks",
				);
				PRODUCT_BUNDLE_IDENTIFIER = "com.tko-solutions.Magnify";
				PRODUCT_NAME = "$(TARGET_NAME)";
				SWIFT_VERSION = 5.0;
				TARGETED_DEVICE_FAMILY = "1,2";
			};
			name = Release;
		};
/* End XCBuildConfiguration section */

/* Begin XCConfigurationList section */
		CBFDF539236DB7F500D417A1 /* Build configuration list for PBXProject "Magnify" */ = {
			isa = XCConfigurationList;
			buildConfigurations = (
				CBFDF550236DB7F800D417A1 /* Debug */,
				CBFDF551236DB7F800D417A1 /* Release */,
			);
			defaultConfigurationIsVisible = 0;
			defaultConfigurationName = Release;
		};
		CBFDF552236DB7F800D417A1 /* Build configuration list for PBXNativeTarget "Magnify" */ = {
			isa = XCConfigurationList;
			buildConfigurations = (
				CBFDF553236DB7F800D417A1 /* Debug */,
				CBFDF554236DB7F800D417A1 /* Release */,
			);
			defaultConfigurationIsVisible = 0;
			defaultConfigurationName = Release;
		};
/* End XCConfigurationList section */
	};
	rootObject = CBFDF536236DB7F500D417A1 /* Project object */;
}
